
Microsoft Visual Studio Solution File, Format Version 12.00
# Visual Studio Version 17
VisualStudioVersion = 17.14.36109.1 d17.14
MinimumVisualStudioVersion = 10.0.40219.1
Project("{FAE04EC0-301F-11D3-BF4B-00C04F79EFBC}") = "CP1", "CP1\CP1.csproj", "{A74F4ADB-318F-442B-B533-6DE7F2A3C421}"
EndProject
Global
	GlobalSection(SolutionConfigurationPlatforms) = preSolution
		Debug|Any CPU = Debug|Any CPU
		Release|Any CPU = Release|Any CPU
	EndGlobalSection
	GlobalSection(ProjectConfigurationPlatforms) = postSolution
		{A74F4ADB-318F-442B-B533-6DE7F2A3C421}.Debug|Any CPU.ActiveCfg = Debug|Any CPU
		{A74F4ADB-318F-442B-B533-6DE7F2A3C421}.Debug|Any CPU.Build.0 = Debug|Any CPU
		{A74F4ADB-318F-442B-B533-6DE7F2A3C421}.Release|Any CPU.ActiveCfg = Release|Any CPU
		{A74F4ADB-318F-442B-B533-6DE7F2A3C421}.Release|Any CPU.Build.0 = Release|Any CPU
	EndGlobalSection
	GlobalSection(SolutionProperties) = preSolution
		HideSolutionNode = FALSE
	EndGlobalSection
	GlobalSection(ExtensibilityGlobals) = postSolution
		SolutionGuid = {411BC17E-2B9C-4BA7-93D9-AB694A0A97EE}
	EndGlobalSection
EndGlobal
